
Microsoft Visual Studio Solution File, Format Version 12.00
# Visual Studio 15
VisualStudioVersion = 15.0.27428.2037
MinimumVisualStudioVersion = 10.0.40219.1
Project("{FAE04EC0-301F-11D3-BF4B-00C04F79EFBC}") = "PhantasmaBridge", "PhantasmaBridge\PhantasmaBridge.csproj", "{108D421F-C431-4725-87BA-B9A6632B0E92}"
EndProject
Global
	GlobalSection(SolutionConfigurationPlatforms) = preSolution
		Debug|Any CPU = Debug|Any CPU
		Release|Any CPU = Release|Any CPU
	EndGlobalSection
	GlobalSection(ProjectConfigurationPlatforms) = postSolution
		{108D421F-C431-4725-87BA-B9A6632B0E92}.Debug|Any CPU.ActiveCfg = Debug|Any CPU
		{108D421F-C431-4725-87BA-B9A6632B0E92}.Debug|Any CPU.Build.0 = Debug|Any CPU
		{108D421F-C431-4725-87BA-B9A6632B0E92}.Release|Any CPU.ActiveCfg = Release|Any CPU
		{108D421F-C431-4725-87BA-B9A6632B0E92}.Release|Any CPU.Build.0 = Release|Any CPU
	EndGlobalSection
	GlobalSection(SolutionProperties) = preSolution
		HideSolutionNode = FALSE
	EndGlobalSection
	GlobalSection(ExtensibilityGlobals) = postSolution
		SolutionGuid = {CFC5E109-4589-4CB0-98C9-3F549DC9F952}
	EndGlobalSection
EndGlobal
